
Microsoft Visual Studio Solution File, Format Version 12.00
# Visual Studio Version 16
VisualStudioVersion = 16.0.31624.102
MinimumVisualStudioVersion = 10.0.40219.1
Project("{FAE04EC0-301F-11D3-BF4B-00C04F79EFBC}") = "lands.Android", "lands\lands.Android\lands.Android.csproj", "{558A4E11-53E5-4DD4-A68D-0117E7FA6D51}"
EndProject
Project("{FAE04EC0-301F-11D3-BF4B-00C04F79EFBC}") = "lands.iOS", "lands\lands.iOS\lands.iOS.csproj", "{1B24A62E-13F5-45E3-8A46-F6AC214EA50B}"
EndProject
Project("{FAE04EC0-301F-11D3-BF4B-00C04F79EFBC}") = "lands", "lands\lands\lands.csproj", "{F89BBB25-365F-4E1F-AAF1-C30F92A6A3C1}"
EndProject
Global
	GlobalSection(SolutionConfigurationPlatforms) = preSolution
		Debug|Any CPU = Debug|Any CPU
		Debug|iPhone = Debug|iPhone
		Debug|iPhoneSimulator = Debug|iPhoneSimulator
		Release|Any CPU = Release|Any CPU
		Release|iPhone = Release|iPhone
		Release|iPhoneSimulator = Release|iPhoneSimulator
	EndGlobalSection
	GlobalSection(ProjectConfigurationPlatforms) = postSolution
		{558A4E11-53E5-4DD4-A68D-0117E7FA6D51}.Debug|Any CPU.ActiveCfg = Debug|Any CPU
		{558A4E11-53E5-4DD4-A68D-0117E7FA6D51}.Debug|Any CPU.Build.0 = Debug|Any CPU
		{558A4E11-53E5-4DD4-A68D-0117E7FA6D51}.Debug|Any CPU.Deploy.0 = Debug|Any CPU
		{558A4E11-53E5-4DD4-A68D-0117E7FA6D51}.Debug|iPhone.ActiveCfg = Debug|Any CPU
		{558A4E11-53E5-4DD4-A68D-0117E7FA6D51}.Debug|iPhone.Build.0 = Debug|Any CPU
		{558A4E11-53E5-4DD4-A68D-0117E7FA6D51}.Debug|iPhone.Deploy.0 = Debug|Any CPU
		{558A4E11-53E5-4DD4-A68D-0117E7FA6D51}.Debug|iPhoneSimulator.ActiveCfg = Debug|Any CPU
		{558A4E11-53E5-4DD4-A68D-0117E7FA6D51}.Debug|iPhoneSimulator.Build.0 = Debug|Any CPU
		{558A4E11-53E5-4DD4-A68D-0117E7FA6D51}.Debug|iPhoneSimulator.Deploy.0 = Debug|Any CPU
		{558A4E11-53E5-4DD4-A68D-0117E7FA6D51}.Release|Any CPU.ActiveCfg = Release|Any CPU
		{558A4E11-53E5-4DD4-A68D-0117E7FA6D51}.Release|Any CPU.Build.0 = Release|Any CPU
		{558A4E11-53E5-4DD4-A68D-0117E7FA6D51}.Release|Any CPU.Deploy.0 = Release|Any CPU
		{558A4E11-53E5-4DD4-A68D-0117E7FA6D51}.Release|iPhone.ActiveCfg = Release|Any CPU
		{558A4E11-53E5-4DD4-A68D-0117E7FA6D51}.Release|iPhone.Build.0 = Release|Any CPU
		{558A4E11-53E5-4DD4-A68D-0117E7FA6D51}.Release|iPhone.Deploy.0 = Release|Any CPU
		{558A4E11-53E5-4DD4-A68D-0117E7FA6D51}.Release|iPhoneSimulator.ActiveCfg = Release|Any CPU
		{558A4E11-53E5-4DD4-A68D-0117E7FA6D51}.Release|iPhoneSimulator.Build.0 = Release|Any CPU
		{558A4E11-53E5-4DD4-A68D-0117E7FA6D51}.Release|iPhoneSimulator.Deploy.0 = Release|Any CPU
		{1B24A62E-13F5-45E3-8A46-F6AC214EA50B}.Debug|Any CPU.ActiveCfg = Debug|iPhone
		{1B24A62E-13F5-45E3-8A46-F6AC214EA50B}.Debug|Any CPU.Build.0 = Debug|iPhone
		{1B24A62E-13F5-45E3-8A46-F6AC214EA50B}.Debug|Any CPU.Deploy.0 = Debug|iPhone
		{1B24A62E-13F5-45E3-8A46-F6AC214EA50B}.Debug|iPhone.ActiveCfg = Debug|iPhone
		{1B24A62E-13F5-45E3-8A46-F6AC214EA50B}.Debug|iPhone.Build.0 = Debug|iPhone
		{1B24A62E-13F5-45E3-8A46-F6AC214EA50B}.Debug|iPhone.Deploy.0 = Debug|iPhone
		{1B24A62E-13F5-45E3-8A46-F6AC214EA50B}.Debug|iPhoneSimulator.ActiveCfg = Debug|iPhoneSimulator
		{1B24A62E-13F5-45E3-8A46-F6AC214EA50B}.Debug|iPhoneSimulator.Build.0 = Debug|iPhoneSimulator
		{1B24A62E-13F5-45E3-8A46-F6AC214EA50B}.Debug|iPhoneSimulator.Deploy.0 = Debug|iPhoneSimulator
		{1B24A62E-13F5-45E3-8A46-F6AC214EA50B}.Release|Any CPU.ActiveCfg = Release|iPhoneSimulator
		{1B24A62E-13F5-45E3-8A46-F6AC214EA50B}.Release|Any CPU.Build.0 = Release|iPhoneSimulator
		{1B24A62E-13F5-45E3-8A46-F6AC214EA50B}.Release|Any CPU.Deploy.0 = Release|iPhoneSimulator
		{1B24A62E-13F5-45E3-8A46-F6AC214EA50B}.Release|iPhone.ActiveCfg = Release|iPhone
		{1B24A62E-13F5-45E3-8A46-F6AC214EA50B}.Release|iPhone.Build.0 = Release|iPhone
		{1B24A62E-13F5-45E3-8A46-F6AC214EA50B}.Release|iPhone.Deploy.0 = Release|iPhone
		{1B24A62E-13F5-45E3-8A46-F6AC214EA50B}.Release|iPhoneSimulator.ActiveCfg = Release|iPhoneSimulator
		{1B24A62E-13F5-45E3-8A46-F6AC214EA50B}.Release|iPhoneSimulator.Build.0 = Release|iPhoneSimulator
		{1B24A62E-13F5-45E3-8A46-F6AC214EA50B}.Release|iPhoneSimulator.Deploy.0 = Release|iPhoneSimulator
		{F89BBB25-365F-4E1F-AAF1-C30F92A6A3C1}.Debug|Any CPU.ActiveCfg = Debug|Any CPU
		{F89BBB25-365F-4E1F-AAF1-C30F92A6A3C1}.Debug|Any CPU.Build.0 = Debug|Any CPU
		{F89BBB25-365F-4E1F-AAF1-C30F92A6A3C1}.Debug|Any CPU.Deploy.0 = Debug|Any CPU
		{F89BBB25-365F-4E1F-AAF1-C30F92A6A3C1}.Debug|iPhone.ActiveCfg = Debug|Any CPU
		{F89BBB25-365F-4E1F-AAF1-C30F92A6A3C1}.Debug|iPhone.Build.0 = Debug|Any CPU
		{F89BBB25-365F-4E1F-AAF1-C30F92A6A3C1}.Debug|iPhone.Deploy.0 = Debug|Any CPU
		{F89BBB25-365F-4E1F-AAF1-C30F92A6A3C1}.Debug|iPhoneSimulator.ActiveCfg = Debug|Any CPU
		{F89BBB25-365F-4E1F-AAF1-C30F92A6A3C1}.Debug|iPhoneSimulator.Build.0 = Debug|Any CPU
		{F89BBB25-365F-4E1F-AAF1-C30F92A6A3C1}.Debug|iPhoneSimulator.Deploy.0 = Debug|Any CPU
		{F89BBB25-365F-4E1F-AAF1-C30F92A6A3C1}.Release|Any CPU.ActiveCfg = Release|Any CPU
		{F89BBB25-365F-4E1F-AAF1-C30F92A6A3C1}.Release|Any CPU.Build.0 = Release|Any CPU
		{F89BBB25-365F-4E1F-AAF1-C30F92A6A3C1}.Release|Any CPU.Deploy.0 = Release|Any CPU
		{F89BBB25-365F-4E1F-AAF1-C30F92A6A3C1}.Release|iPhone.ActiveCfg = Release|Any CPU
		{F89BBB25-365F-4E1F-AAF1-C30F92A6A3C1}.Release|iPhone.Build.0 = Release|Any CPU
		{F89BBB25-365F-4E1F-AAF1-C30F92A6A3C1}.Release|iPhone.Deploy.0 = Release|Any CPU
		{F89BBB25-365F-4E1F-AAF1-C30F92A6A3C1}.Release|iPhoneSimulator.ActiveCfg = Release|Any CPU
		{F89BBB25-365F-4E1F-AAF1-C30F92A6A3C1}.Release|iPhoneSimulator.Build.0 = Release|Any CPU
		{F89BBB25-365F-4E1F-AAF1-C30F92A6A3C1}.Release|iPhoneSimulator.Deploy.0 = Release|Any CPU
	EndGlobalSection
	GlobalSection(SolutionProperties) = preSolution
		HideSolutionNode = FALSE
	EndGlobalSection
	GlobalSection(ExtensibilityGlobals) = postSolution
		SolutionGuid = {725D3049-FD5E-426C-8D35-1C1981A78A36}
	EndGlobalSection
EndGlobal
